
Microsoft Visual Studio Solution File, Format Version 12.00
# Visual Studio Version 16
VisualStudioVersion = 16.0.30523.141
MinimumVisualStudioVersion = 10.0.40219.1
Project("{9A19103F-16F7-4668-BE54-9A1E7A4F7556}") = "CmInchConverter", "CmInchConverter.csproj", "{8055B4D2-6261-4339-B4A8-0DC1BED8D03E}"
EndProject
Global
	GlobalSection(SolutionConfigurationPlatforms) = preSolution
		Debug|Any CPU = Debug|Any CPU
		Release|Any CPU = Release|Any CPU
	EndGlobalSection
	GlobalSection(ProjectConfigurationPlatforms) = postSolution
		{8055B4D2-6261-4339-B4A8-0DC1BED8D03E}.Debug|Any CPU.ActiveCfg = Debug|Any CPU
		{8055B4D2-6261-4339-B4A8-0DC1BED8D03E}.Debug|Any CPU.Build.0 = Debug|Any CPU
		{8055B4D2-6261-4339-B4A8-0DC1BED8D03E}.Release|Any CPU.ActiveCfg = Release|Any CPU
		{8055B4D2-6261-4339-B4A8-0DC1BED8D03E}.Release|Any CPU.Build.0 = Release|Any CPU
	EndGlobalSection
	GlobalSection(SolutionProperties) = preSolution
		HideSolutionNode = FALSE
	EndGlobalSection
	GlobalSection(ExtensibilityGlobals) = postSolution
		SolutionGuid = {93B86F96-1835-4F78-9E1B-A7C57320A6B5}
	EndGlobalSection
EndGlobal
